{
  "name": "my-blog",
  "version": "1.0.0",
  "lockfileVersion": 1,
  "requires": true,
  "dependencies": {
    "smoothscroll-polyfill": {
      "version": "0.4.4",
      "resolved": "https://registry.npm.taobao.org/smoothscroll-polyfill/download/smoothscroll-polyfill-0.4.4.tgz",
      "integrity": "sha1-OiWRMdxpMObKgAA+HLA7YDtpq/g=",
      "dev": true
    },
    "vuepress-plugin-smooth-scroll": {
      "version": "0.0.9",
      "resolved": "https://registry.npm.taobao.org/vuepress-plugin-smooth-scroll/download/vuepress-plugin-smooth-scroll-0.0.9.tgz",
      "integrity": "sha1-bF0B22De89e5drU0BOVrl9qejzk=",
      "dev": true,
      "requires": {
        "smoothscroll-polyfill": "^0.4.4"
      }
    }
  }
}
